
Microsoft Visual Studio Solution File, Format Version 12.00
# Visual Studio Version 16
VisualStudioVersion = 16.0.31321.278
MinimumVisualStudioVersion = 10.0.40219.1
Project("{FAE04EC0-301F-11D3-BF4B-00C04F79EFBC}") = "TH-WEB456", "TH-WEB456\TH-WEB456.csproj", "{8D893400-B9D1-44E5-ABD8-6B90D2BECBA7}"
EndProject
Global
	GlobalSection(SolutionConfigurationPlatforms) = preSolution
		Debug|Any CPU = Debug|Any CPU
		Release|Any CPU = Release|Any CPU
	EndGlobalSection
	GlobalSection(ProjectConfigurationPlatforms) = postSolution
		{8D893400-B9D1-44E5-ABD8-6B90D2BECBA7}.Debug|Any CPU.ActiveCfg = Debug|Any CPU
		{8D893400-B9D1-44E5-ABD8-6B90D2BECBA7}.Debug|Any CPU.Build.0 = Debug|Any CPU
		{8D893400-B9D1-44E5-ABD8-6B90D2BECBA7}.Release|Any CPU.ActiveCfg = Release|Any CPU
		{8D893400-B9D1-44E5-ABD8-6B90D2BECBA7}.Release|Any CPU.Build.0 = Release|Any CPU
	EndGlobalSection
	GlobalSection(SolutionProperties) = preSolution
		HideSolutionNode = FALSE
	EndGlobalSection
	GlobalSection(ExtensibilityGlobals) = postSolution
		SolutionGuid = {9456DE7D-215F-4CA2-A6C8-3C1C8F03C24A}
	EndGlobalSection
EndGlobal
